// !$*UTF8*$!
{
	archiveVersion = 1;
	classes = {
	};
	objectVersion = 55;
	objects = {

/* Begin PBXBuildFile section */
		2F0956CA2694E74200C139CB /* DrawingApp.swift in Sources */ = {isa = PBXBuildFile; fileRef = 2F0956C92694E74200C139CB /* DrawingApp.swift */; };
		2F0956CC2694E74200C139CB /* ContentView.swift in Sources */ = {isa = PBXBuildFile; fileRef = 2F0956CB2694E74200C139CB /* ContentView.swift */; };
		2F0956CE2694E74200C139CB /* Assets.xcassets in Resources */ = {isa = PBXBuildFile; fileRef = 2F0956CD2694E74200C139CB /* Assets.xcassets */; };
		2F0956D12694E74200C139CB /* Preview Assets.xcassets in Resources */ = {isa = PBXBuildFile; fileRef = 2F0956D02694E74200C139CB /* Preview Assets.xcassets */; };
		2F0956D82694ED1300C139CB /* PathExampleView.swift in Sources */ = {isa = PBXBuildFile; fileRef = 2F0956D72694ED1300C139CB /* PathExampleView.swift */; };
		2F0956DA2694EDA900C139CB /* ShapeExampleView.swift in Sources */ = {isa = PBXBuildFile; fileRef = 2F0956D92694EDA900C139CB /* ShapeExampleView.swift */; };
		2F0956DC2694EE6E00C139CB /* InsettableShapeExampleView.swift in Sources */ = {isa = PBXBuildFile; fileRef = 2F0956DB2694EE6E00C139CB /* InsettableShapeExampleView.swift */; };
		2FC81E3F2695F99B004FD52D /* CGAffineTransformExampleView.swift in Sources */ = {isa = PBXBuildFile; fileRef = 2FC81E3E2695F99B004FD52D /* CGAffineTransformExampleView.swift */; };
		2FC81E412695FD0B004FD52D /* ImagePaintExampleView.swift in Sources */ = {isa = PBXBuildFile; fileRef = 2FC81E402695FD0B004FD52D /* ImagePaintExampleView.swift */; };
		2FC81E432695FFE9004FD52D /* DrawingGroupExampleView.swift in Sources */ = {isa = PBXBuildFile; fileRef = 2FC81E422695FFE9004FD52D /* DrawingGroupExampleView.swift */; };
		2FC81E45269603CD004FD52D /* BlendModeExampleView.swift in Sources */ = {isa = PBXBuildFile; fileRef = 2FC81E44269603CD004FD52D /* BlendModeExampleView.swift */; };
		2FC81E4726960647004FD52D /* AnimatableDataExampleView.swift in Sources */ = {isa = PBXBuildFile; fileRef = 2FC81E4626960647004FD52D /* AnimatableDataExampleView.swift */; };
		2FC81E4926960850004FD52D /* AnimatablePairExampleView.swift in Sources */ = {isa = PBXBuildFile; fileRef = 2FC81E4826960850004FD52D /* AnimatablePairExampleView.swift */; };
		2FC81E4B26960A18004FD52D /* SpirographView.swift in Sources */ = {isa = PBXBuildFile; fileRef = 2FC81E4A26960A18004FD52D /* SpirographView.swift */; };
/* End PBXBuildFile section */

/* Begin PBXFileReference section */
		2F0956C62694E74200C139CB /* Drawing.app */ = {isa = PBXFileReference; explicitFileType = wrapper.application; includeInIndex = 0; path = Drawing.app; sourceTree = BUILT_PRODUCTS_DIR; };
		2F0956C92694E74200C139CB /* DrawingApp.swift */ = {isa = PBXFileReference; lastKnownFileType = sourcecode.swift; path = DrawingApp.swift; sourceTree = "<group>"; };
		2F0956CB2694E74200C139CB /* ContentView.swift */ = {isa = PBXFileReference; lastKnownFileType = sourcecode.swift; path = ContentView.swift; sourceTree = "<group>"; };
		2F0956CD2694E74200C139CB /* Assets.xcassets */ = {isa = PBXFileReference; lastKnownFileType = folder.assetcatalog; path = Assets.xcassets; sourceTree = "<group>"; };
		2F0956D02694E74200C139CB /* Preview Assets.xcassets */ = {isa = PBXFileReference; lastKnownFileType = folder.assetcatalog; path = "Preview Assets.xcassets"; sourceTree = "<group>"; };
		2F0956D72694ED1300C139CB /* PathExampleView.swift */ = {isa = PBXFileReference; lastKnownFileType = sourcecode.swift; path = PathExampleView.swift; sourceTree = "<group>"; };
		2F0956D92694EDA900C139CB /* ShapeExampleView.swift */ = {isa = PBXFileReference; lastKnownFileType = sourcecode.swift; path = ShapeExampleView.swift; sourceTree = "<group>"; };
		2F0956DB2694EE6E00C139CB /* InsettableShapeExampleView.swift */ = {isa = PBXFileReference; lastKnownFileType = sourcecode.swift; path = InsettableShapeExampleView.swift; sourceTree = "<group>"; };
		2FC81E3E2695F99B004FD52D /* CGAffineTransformExampleView.swift */ = {isa = PBXFileReference; lastKnownFileType = sourcecode.swift; path = CGAffineTransformExampleView.swift; sourceTree = "<group>"; };
		2FC81E402695FD0B004FD52D /* ImagePaintExampleView.swift */ = {isa = PBXFileReference; lastKnownFileType = sourcecode.swift; path = ImagePaintExampleView.swift; sourceTree = "<group>"; };
		2FC81E422695FFE9004FD52D /* DrawingGroupExampleView.swift */ = {isa = PBXFileReference; lastKnownFileType = sourcecode.swift; path = DrawingGroupExampleView.swift; sourceTree = "<group>"; };
		2FC81E44269603CD004FD52D /* BlendModeExampleView.swift */ = {isa = PBXFileReference; lastKnownFileType = sourcecode.swift; path = BlendModeExampleView.swift; sourceTree = "<group>"; };
		2FC81E4626960647004FD52D /* AnimatableDataExampleView.swift */ = {isa = PBXFileReference; lastKnownFileType = sourcecode.swift; path = AnimatableDataExampleView.swift; sourceTree = "<group>"; };
		2FC81E4826960850004FD52D /* AnimatablePairExampleView.swift */ = {isa = PBXFileReference; lastKnownFileType = sourcecode.swift; path = AnimatablePairExampleView.swift; sourceTree = "<group>"; };
		2FC81E4A26960A18004FD52D /* SpirographView.swift */ = {isa = PBXFileReference; lastKnownFileType = sourcecode.swift; path = SpirographView.swift; sourceTree = "<group>"; };
/* End PBXFileReference section */

/* Begin PBXFrameworksBuildPhase section */
		2F0956C32694E74200C139CB /* Frameworks */ = {
			isa = PBXFrameworksBuildPhase;
			buildActionMask = 2147483647;
			files = (
			);
			runOnlyForDeploymentPostprocessing = 0;
		};
/* End PBXFrameworksBuildPhase section */

/* Begin PBXGroup section */
		2F0956BD2694E74200C139CB = {
			isa = PBXGroup;
			children = (
				2F0956C82694E74200C139CB /* Drawing */,
				2F0956C72694E74200C139CB /* Products */,
			);
			sourceTree = "<group>";
		};
		2F0956C72694E74200C139CB /* Products */ = {
			isa = PBXGroup;
			children = (
				2F0956C62694E74200C139CB /* Drawing.app */,
			);
			name = Products;
			sourceTree = "<group>";
		};
		2F0956C82694E74200C139CB /* Drawing */ = {
			isa = PBXGroup;
			children = (
				2F0956C92694E74200C139CB /* DrawingApp.swift */,
				2F0956CB2694E74200C139CB /* ContentView.swift */,
				2F0956D72694ED1300C139CB /* PathExampleView.swift */,
				2F0956D92694EDA900C139CB /* ShapeExampleView.swift */,
				2F0956DB2694EE6E00C139CB /* InsettableShapeExampleView.swift */,
				2FC81E3E2695F99B004FD52D /* CGAffineTransformExampleView.swift */,
				2FC81E402695FD0B004FD52D /* ImagePaintExampleView.swift */,
				2FC81E422695FFE9004FD52D /* DrawingGroupExampleView.swift */,
				2FC81E44269603CD004FD52D /* BlendModeExampleView.swift */,
				2FC81E4626960647004FD52D /* AnimatableDataExampleView.swift */,
				2FC81E4826960850004FD52D /* AnimatablePairExampleView.swift */,
				2FC81E4A26960A18004FD52D /* SpirographView.swift */,
				2F0956CD2694E74200C139CB /* Assets.xcassets */,
				2F0956CF2694E74200C139CB /* Preview Content */,
			);
			path = Drawing;
			sourceTree = "<group>";
		};
		2F0956CF2694E74200C139CB /* Preview Content */ = {
			isa = PBXGroup;
			children = (
				2F0956D02694E74200C139CB /* Preview Assets.xcassets */,
			);
			path = "Preview Content";
			sourceTree = "<group>";
		};
/* End PBXGroup section */

/* Begin PBXNativeTarget section */
		2F0956C52694E74200C139CB /* Drawing */ = {
			isa = PBXNativeTarget;
			buildConfigurationList = 2F0956D42694E74200C139CB /* Build configuration list for PBXNativeTarget "Drawing" */;
			buildPhases = (
				2F0956C22694E74200C139CB /* Sources */,
				2F0956C32694E74200C139CB /* Frameworks */,
				2F0956C42694E74200C139CB /* Resources */,
			);
			buildRules = (
			);
			dependencies = (
			);
			name = Drawing;
			productName = Drawing;
			productReference = 2F0956C62694E74200C139CB /* Drawing.app */;
			productType = "com.apple.product-type.application";
		};
/* End PBXNativeTarget section */

/* Begin PBXProject section */
		2F0956BE2694E74200C139CB /* Project object */ = {
			isa = PBXProject;
			attributes = {
				BuildIndependentTargetsInParallel = 1;
				LastSwiftUpdateCheck = 1300;
				LastUpgradeCheck = 1300;
				TargetAttributes = {
					2F0956C52694E74200C139CB = {
						CreatedOnToolsVersion = 13.0;
					};
				};
			};
			buildConfigurationList = 2F0956C12694E74200C139CB /* Build configuration list for PBXProject "Drawing" */;
			compatibilityVersion = "Xcode 13.0";
			developmentRegion = en;
			hasScannedForEncodings = 0;
			knownRegions = (
				en,
				Base,
			);
			mainGroup = 2F0956BD2694E74200C139CB;
			productRefGroup = 2F0956C72694E74200C139CB /* Products */;
			projectDirPath = "";
			projectRoot = "";
			targets = (
				2F0956C52694E74200C139CB /* Drawing */,
			);
		};
/* End PBXProject section */

/* Begin PBXResourcesBuildPhase section */
		2F0956C42694E74200C139CB /* Resources */ = {
			isa = PBXResourcesBuildPhase;
			buildActionMask = 2147483647;
			files = (
				2F0956D12694E74200C139CB /* Preview Assets.xcassets in Resources */,
				2F0956CE2694E74200C139CB /* Assets.xcassets in Resources */,
			);
			runOnlyForDeploymentPostprocessing = 0;
		};
/* End PBXResourcesBuildPhase section */

/* Begin PBXSourcesBuildPhase section */
		2F0956C22694E74200C139CB /* Sources */ = {
			isa = PBXSourcesBuildPhase;
			buildActionMask = 2147483647;
			files = (
				2FC81E432695FFE9004FD52D /* DrawingGroupExampleView.swift in Sources */,
				2FC81E4B26960A18004FD52D /* SpirographView.swift in Sources */,
				2FC81E412695FD0B004FD52D /* ImagePaintExampleView.swift in Sources */,
				2F0956CC2694E74200C139CB /* ContentView.swift in Sources */,
				2FC81E4926960850004FD52D /* AnimatablePairExampleView.swift in Sources */,
				2FC81E3F2695F99B004FD52D /* CGAffineTransformExampleView.swift in Sources */,
				2F0956D82694ED1300C139CB /* PathExampleView.swift in Sources */,
				2F0956DC2694EE6E00C139CB /* InsettableShapeExampleView.swift in Sources */,
				2F0956DA2694EDA900C139CB /* ShapeExampleView.swift in Sources */,
				2FC81E45269603CD004FD52D /* BlendModeExampleView.swift in Sources */,
				2F0956CA2694E74200C139CB /* DrawingApp.swift in Sources */,
				2FC81E4726960647004FD52D /* AnimatableDataExampleView.swift in Sources */,
			);
			runOnlyForDeploymentPostprocessing = 0;
		};
/* End PBXSourcesBuildPhase section */

/* Begin XCBuildConfiguration section */
		2F0956D22694E74200C139CB /* Debug */ = {
			isa = XCBuildConfiguration;
			buildSettings = {
				ALWAYS_SEARCH_USER_PATHS = NO;
				CLANG_ANALYZER_NONNULL = YES;
				CLANG_ANALYZER_NUMBER_OBJECT_CONVERSION = YES_AGGRESSIVE;
				CLANG_CXX_LANGUAGE_STANDARD = "gnu++14";
				CLANG_CXX_LIBRARY = "libc++";
				CLANG_ENABLE_MODULES = YES;
				CLANG_ENABLE_OBJC_ARC = YES;
				CLANG_ENABLE_OBJC_WEAK = YES;
				CLANG_WARN_BLOCK_CAPTURE_AUTORELEASING = YES;
				CLANG_WARN_BOOL_CONVERSION = YES;
				CLANG_WARN_COMMA = YES;
				CLANG_WARN_CONSTANT_CONVERSION = YES;
				CLANG_WARN_DEPRECATED_OBJC_IMPLEMENTATIONS = YES;
				CLANG_WARN_DIRECT_OBJC_ISA_USAGE = YES_ERROR;
				CLANG_WARN_DOCUMENTATION_COMMENTS = YES;
				CLANG_WARN_EMPTY_BODY = YES;
				CLANG_WARN_ENUM_CONVERSION = YES;
				CLANG_WARN_INFINITE_RECURSION = YES;
				CLANG_WARN_INT_CONVERSION = YES;
				CLANG_WARN_NON_LITERAL_NULL_CONVERSION = YES;
				CLANG_WARN_OBJC_IMPLICIT_RETAIN_SELF = YES;
				CLANG_WARN_OBJC_LITERAL_CONVERSION = YES;
				CLANG_WARN_OBJC_ROOT_CLASS = YES_ERROR;
				CLANG_WARN_QUOTED_INCLUDE_IN_FRAMEWORK_HEADER = YES;
				CLANG_WARN_RANGE_LOOP_ANALYSIS = YES;
				CLANG_WARN_STRICT_PROTOTYPES = YES;
				CLANG_WARN_SUSPICIOUS_MOVE = YES;
				CLANG_WARN_UNGUARDED_AVAILABILITY = YES_AGGRESSIVE;
				CLANG_WARN_UNREACHABLE_CODE = YES;
				CLANG_WARN__DUPLICATE_METHOD_MATCH = YES;
				COPY_PHASE_STRIP = NO;
				DEBUG_INFORMATION_FORMAT = dwarf;
				ENABLE_STRICT_OBJC_MSGSEND = YES;
				ENABLE_TESTABILITY = YES;
				GCC_C_LANGUAGE_STANDARD = gnu11;
				GCC_DYNAMIC_NO_PIC = NO;
				GCC_NO_COMMON_BLOCKS = YES;
				GCC_OPTIMIZATION_LEVEL = 0;
				GCC_PREPROCESSOR_DEFINITIONS = (
					"DEBUG=1",
					"$(inherited)",
				);
				GCC_WARN_64_TO_32_BIT_CONVERSION = YES;
				GCC_WARN_ABOUT_RETURN_TYPE = YES_ERROR;
				GCC_WARN_UNDECLARED_SELECTOR = YES;
				GCC_WARN_UNINITIALIZED_AUTOS = YES_AGGRESSIVE;
				GCC_WARN_UNUSED_FUNCTION = YES;
				GCC_WARN_UNUSED_VARIABLE = YES;
				IPHONEOS_DEPLOYMENT_TARGET = 15.0;
				MTL_ENABLE_DEBUG_INFO = INCLUDE_SOURCE;
				MTL_FAST_MATH = YES;
				ONLY_ACTIVE_ARCH = YES;
				SDKROOT = iphoneos;
				SWIFT_ACTIVE_COMPILATION_CONDITIONS = DEBUG;
				SWIFT_OPTIMIZATION_LEVEL = "-Onone";
			};
			name = Debug;
		};
		2F0956D32694E74200C139CB /* Release */ = {
			isa = XCBuildConfiguration;
			buildSettings = {
				ALWAYS_SEARCH_USER_PATHS = NO;
				CLANG_ANALYZER_NONNULL = YES;
				CLANG_ANALYZER_NUMBER_OBJECT_CONVERSION = YES_AGGRESSIVE;
				CLANG_CXX_LANGUAGE_STANDARD = "gnu++14";
				CLANG_CXX_LIBRARY = "libc++";
				CLANG_ENABLE_MODULES = YES;
				CLANG_ENABLE_OBJC_ARC = YES;
				CLANG_ENABLE_OBJC_WEAK = YES;
				CLANG_WARN_BLOCK_CAPTURE_AUTORELEASING = YES;
				CLANG_WARN_BOOL_CONVERSION = YES;
				CLANG_WARN_COMMA = YES;
				CLANG_WARN_CONSTANT_CONVERSION = YES;
				CLANG_WARN_DEPRECATED_OBJC_IMPLEMENTATIONS = YES;
				CLANG_WARN_DIRECT_OBJC_ISA_USAGE = YES_ERROR;
				CLANG_WARN_DOCUMENTATION_COMMENTS = YES;
				CLANG_WARN_EMPTY_BODY = YES;
				CLANG_WARN_ENUM_CONVERSION = YES;
				CLANG_WARN_INFINITE_RECURSION = YES;
				CLANG_WARN_INT_CONVERSION = YES;
				CLANG_WARN_NON_LITERAL_NULL_CONVERSION = YES;
				CLANG_WARN_OBJC_IMPLICIT_RETAIN_SELF = YES;
				CLANG_WARN_OBJC_LITERAL_CONVERSION = YES;
				CLANG_WARN_OBJC_ROOT_CLASS = YES_ERROR;
				CLANG_WARN_QUOTED_INCLUDE_IN_FRAMEWORK_HEADER = YES;
				CLANG_WARN_RANGE_LOOP_ANALYSIS = YES;
				CLANG_WARN_STRICT_PROTOTYPES = YES;
				CLANG_WARN_SUSPICIOUS_MOVE = YES;
				CLANG_WARN_UNGUARDED_AVAILABILITY = YES_AGGRESSIVE;
				CLANG_WARN_UNREACHABLE_CODE = YES;
				CLANG_WARN__DUPLICATE_METHOD_MATCH = YES;
				COPY_PHASE_STRIP = NO;
				DEBUG_INFORMATION_FORMAT = "dwarf-with-dsym";
				ENABLE_NS_ASSERTIONS = NO;
				ENABLE_STRICT_OBJC_MSGSEND = YES;
				GCC_C_LANGUAGE_STANDARD = gnu11;
				GCC_NO_COMMON_BLOCKS = YES;
				GCC_WARN_64_TO_32_BIT_CONVERSION = YES;
				GCC_WARN_ABOUT_RETURN_TYPE = YES_ERROR;
				GCC_WARN_UNDECLARED_SELECTOR = YES;
				GCC_WARN_UNINITIALIZED_AUTOS = YES_AGGRESSIVE;
				GCC_WARN_UNUSED_FUNCTION = YES;
				GCC_WARN_UNUSED_VARIABLE = YES;
				IPHONEOS_DEPLOYMENT_TARGET = 15.0;
				MTL_ENABLE_DEBUG_INFO = NO;
				MTL_FAST_MATH = YES;
				SDKROOT = iphoneos;
				SWIFT_COMPILATION_MODE = wholemodule;
				SWIFT_OPTIMIZATION_LEVEL = "-O";
				VALIDATE_PRODUCT = YES;
			};
			name = Release;
		};
		2F0956D52694E74200C139CB /* Debug */ = {
			isa = XCBuildConfiguration;
			buildSettings = {
				ASSETCATALOG_COMPILER_APPICON_NAME = AppIcon;
				ASSETCATALOG_COMPILER_GLOBAL_ACCENT_COLOR_NAME = AccentColor;
				CODE_SIGN_STYLE = Automatic;
				CURRENT_PROJECT_VERSION = 1;
				DEVELOPMENT_ASSET_PATHS = "\"Drawing/Preview Content\"";
				DEVELOPMENT_TEAM = NRU5YEF35L;
				ENABLE_PREVIEWS = YES;
				GENERATE_INFOPLIST_FILE = YES;
				INFOPLIST_KEY_UIApplicationSceneManifest_Generation = YES;
				INFOPLIST_KEY_UIApplicationSupportsIndirectInputEvents = YES;
				INFOPLIST_KEY_UILaunchScreen_Generation = YES;
				INFOPLIST_KEY_UISupportedInterfaceOrientations_iPad = "UIInterfaceOrientationPortrait UIInterfaceOrientationPortraitUpsideDown UIInterfaceOrientationLandscapeLeft UIInterfaceOrientationLandscapeRight";
				INFOPLIST_KEY_UISupportedInterfaceOrientations_iPhone = "UIInterfaceOrientationPortrait UIInterfaceOrientationLandscapeLeft UIInterfaceOrientationLandscapeRight";
				IPHONEOS_DEPLOYMENT_TARGET = 14.0;
				LD_RUNPATH_SEARCH_PATHS = (
					"$(inherited)",
					"@executable_path/Frameworks",
				);
				MARKETING_VERSION = 1.0;
				PRODUCT_BUNDLE_IDENTIFIER = com.martinrist.Drawing;
				PRODUCT_NAME = "$(TARGET_NAME)";
				SWIFT_EMIT_LOC_STRINGS = YES;
				SWIFT_VERSION = 5.0;
				TARGETED_DEVICE_FAMILY = "1,2";
			};
			name = Debug;
		};
		2F0956D62694E74200C139CB /* Release */ = {
			isa = XCBuildConfiguration;
			buildSettings = {
				ASSETCATALOG_COMPILER_APPICON_NAME = AppIcon;
				ASSETCATALOG_COMPILER_GLOBAL_ACCENT_COLOR_NAME = AccentColor;
				CODE_SIGN_STYLE = Automatic;
				CURRENT_PROJECT_VERSION = 1;
				DEVELOPMENT_ASSET_PATHS = "\"Drawing/Preview Content\"";
				DEVELOPMENT_TEAM = NRU5YEF35L;
				ENABLE_PREVIEWS = YES;
				GENERATE_INFOPLIST_FILE = YES;
				INFOPLIST_KEY_UIApplicationSceneManifest_Generation = YES;
				INFOPLIST_KEY_UIApplicationSupportsIndirectInputEvents = YES;
				INFOPLIST_KEY_UILaunchScreen_Generation = YES;
				INFOPLIST_KEY_UISupportedInterfaceOrientations_iPad = "UIInterfaceOrientationPortrait UIInterfaceOrientationPortraitUpsideDown UIInterfaceOrientationLandscapeLeft UIInterfaceOrientationLandscapeRight";
				INFOPLIST_KEY_UISupportedInterfaceOrientations_iPhone = "UIInterfaceOrientationPortrait UIInterfaceOrientationLandscapeLeft UIInterfaceOrientationLandscapeRight";
				IPHONEOS_DEPLOYMENT_TARGET = 14.0;
				LD_RUNPATH_SEARCH_PATHS = (
					"$(inherited)",
					"@executable_path/Frameworks",
				);
				MARKETING_VERSION = 1.0;
				PRODUCT_BUNDLE_IDENTIFIER = com.martinrist.Drawing;
				PRODUCT_NAME = "$(TARGET_NAME)";
				SWIFT_EMIT_LOC_STRINGS = YES;
				SWIFT_VERSION = 5.0;
				TARGETED_DEVICE_FAMILY = "1,2";
			};
			name = Release;
		};
/* End XCBuildConfiguration section */

/* Begin XCConfigurationList section */
		2F0956C12694E74200C139CB /* Build configuration list for PBXProject "Drawing" */ = {
			isa = XCConfigurationList;
			buildConfigurations = (
				2F0956D22694E74200C139CB /* Debug */,
				2F0956D32694E74200C139CB /* Release */,
			);
			defaultConfigurationIsVisible = 0;
			defaultConfigurationName = Release;
		};
		2F0956D42694E74200C139CB /* Build configuration list for PBXNativeTarget "Drawing" */ = {
			isa = XCConfigurationList;
			buildConfigurations = (
				2F0956D52694E74200C139CB /* Debug */,
				2F0956D62694E74200C139CB /* Release */,
			);
			defaultConfigurationIsVisible = 0;
			defaultConfigurationName = Release;
		};
/* End XCConfigurationList section */
	};
	rootObject = 2F0956BE2694E74200C139CB /* Project object */;
}
